{
    "requires": true,
    "lockfileVersion": 1,
    "dependencies": {
        "html5-qrcode": {
            "version": "2.0.1",
            "resolved": "https://registry.npmjs.org/html5-qrcode/-/html5-qrcode-2.0.1.tgz",
            "integrity": "sha512-r+HFQgGkb0J7NXoe5RCT5ziQSm8l2Mh/FT29Sh2AvpCHfHkYzZk4rlmBBMpn8XR5BTstUbhcKHyng7Ghb12GBQ=="
        }
    }
}
